{
  "name": "telegram-gas-bot",
  "version": "1.0.0",
  "lockfileVersion": 3,
  "requires": true,
  "packages": {
    "": {
      "name": "telegram-gas-bot",
      "version": "1.0.0",
      "license": "ISC",
      "devDependencies": {
        "@types/google-apps-script": "^2.0.11",
        "typescript": "^6.0.3"
      }
    },
    "node_modules/@types/google-apps-script": {
      "version": "2.0.11",
      "resolved": "https://registry.npmjs.org/@types/google-apps-script/-/google-apps-script-2.0.11.tgz",
      "integrity": "sha512-D+UWQKXUd4KgScQ+iqqx4jYxZXmU7cYCWHlikmUckIfFvblTcG4d3tQsjJAA261wmFZOya+WWd8L6/0bvSLjHQ==",
      "dev": true,
      "license": "MIT"
    },
    "node_modules/typescript": {
      "version": "6.0.3",
      "resolved": "https://registry.npmjs.org/typescript/-/typescript-6.0.3.tgz",
      "integrity": "sha512-y2TvuxSZPDyQakkFRPZHKFm+KKVqIisdg9/CZwm9ftvKXLP8NRWj38/ODjNbr43SsoXqNuAisEf1GdCxqWcdBw==",
      "dev": true,
      "license": "Apache-2.0",
      "bin": {
        "tsc": "bin/tsc",
        "tsserver": "bin/tsserver"
      },
      "engines": {
        "node": ">=14.17"
      }
    }
  }
}
